
Microsoft Visual Studio Solution File, Format Version 12.00
# Visual Studio Version 17
VisualStudioVersion = 17.1.32210.238
MinimumVisualStudioVersion = 10.0.40219.1
Project("{9A19103F-16F7-4668-BE54-9A1E7A4F7556}") = "Milki.Extensions.MixPlayer", "Milki.Extensions.MixPlayer\Milki.Extensions.MixPlayer.csproj", "{EF6AC1DF-D7AD-45F0-A549-AAAA96961113}"
EndProject
Project("{9A19103F-16F7-4668-BE54-9A1E7A4F7556}") = "Milki.Extensions.MouseKeyHook", "Milki.Extensions.MouseKeyHook\Milki.Extensions.MouseKeyHook.csproj", "{58DF93A7-C165-4992-8802-46F4C1BABF97}"
EndProject
Project("{2150E333-8FDC-42A3-9474-1A3956D46DE8}") = "Tests", "Tests", "{0060557C-C044-41BB-B781-DD0AD74F4ED1}"
EndProject
Project("{FAE04EC0-301F-11D3-BF4B-00C04F79EFBC}") = "KeyHookTest", "Tests\KeyHookTest\KeyHookTest.csproj", "{46BF80E2-F319-490A-9FAB-E1B948123B98}"
EndProject
Global
	GlobalSection(SolutionConfigurationPlatforms) = preSolution
		Debug|Any CPU = Debug|Any CPU
		Release|Any CPU = Release|Any CPU
	EndGlobalSection
	GlobalSection(ProjectConfigurationPlatforms) = postSolution
		{EF6AC1DF-D7AD-45F0-A549-AAAA96961113}.Debug|Any CPU.ActiveCfg = Debug|Any CPU
		{EF6AC1DF-D7AD-45F0-A549-AAAA96961113}.Debug|Any CPU.Build.0 = Debug|Any CPU
		{EF6AC1DF-D7AD-45F0-A549-AAAA96961113}.Release|Any CPU.ActiveCfg = Release|Any CPU
		{EF6AC1DF-D7AD-45F0-A549-AAAA96961113}.Release|Any CPU.Build.0 = Release|Any CPU
		{58DF93A7-C165-4992-8802-46F4C1BABF97}.Debug|Any CPU.ActiveCfg = Debug|Any CPU
		{58DF93A7-C165-4992-8802-46F4C1BABF97}.Debug|Any CPU.Build.0 = Debug|Any CPU
		{58DF93A7-C165-4992-8802-46F4C1BABF97}.Release|Any CPU.ActiveCfg = Release|Any CPU
		{58DF93A7-C165-4992-8802-46F4C1BABF97}.Release|Any CPU.Build.0 = Release|Any CPU
		{46BF80E2-F319-490A-9FAB-E1B948123B98}.Debug|Any CPU.ActiveCfg = Debug|Any CPU
		{46BF80E2-F319-490A-9FAB-E1B948123B98}.Debug|Any CPU.Build.0 = Debug|Any CPU
		{46BF80E2-F319-490A-9FAB-E1B948123B98}.Release|Any CPU.ActiveCfg = Release|Any CPU
		{46BF80E2-F319-490A-9FAB-E1B948123B98}.Release|Any CPU.Build.0 = Release|Any CPU
	EndGlobalSection
	GlobalSection(SolutionProperties) = preSolution
		HideSolutionNode = FALSE
	EndGlobalSection
	GlobalSection(NestedProjects) = preSolution
		{46BF80E2-F319-490A-9FAB-E1B948123B98} = {0060557C-C044-41BB-B781-DD0AD74F4ED1}
	EndGlobalSection
	GlobalSection(ExtensibilityGlobals) = postSolution
		SolutionGuid = {3B3DD15B-1C07-49DE-B493-E711379C88CC}
	EndGlobalSection
EndGlobal
